# This file is automatically @generated by Cargo.
# It is not intended for manual editing.
version = 4

[[package]]
name = "conduit-cli"
version = "0.1.0"
dependencies = [
 "conduit-core",
 "conduit-engine",
 "conduit-types",
 "conduit-workflow",
]

[[package]]
name = "conduit-core"
version = "0.1.0"
dependencies = [
 "conduit-types",
]

[[package]]
name = "conduit-engine"
version = "0.1.0"
dependencies = [
 "conduit-core",
 "conduit-runtime",
 "conduit-types",
 "conduit-workflow",
]

[[package]]
name = "conduit-runtime"
version = "0.1.0"
dependencies = [
 "conduit-core",
]

[[package]]
name = "conduit-types"
version = "0.1.0"

[[package]]
name = "conduit-workflow"
version = "0.1.0"
dependencies = [
 "conduit-types",
]
